{
  "name": "agent-shield",
  "version": "1.0.0",
  "lockfileVersion": 3,
  "requires": true,
  "packages": {
    "": {
      "name": "agent-shield",
      "version": "1.0.0",
      "license": "MIT",
      "bin": {
        "shield": "scripts/shield.mjs"
      },
      "engines": {
        "node": ">=18"
      }
    }
  }
}
